Microsoft Visual Studio Solution File, Format Version 12.00
# Visual Studio Version 16
VisualStudioVersion = 16.0.29215.179
MinimumVisualStudioVersion = 10.0.40219.1
Project("{2150E333-8FDC-42A3-9474-1A3956D46DE8}") = "3rdParty", "3rdParty", "{B401D3C1-89E8-4643-BDA9-D5F8FF2C195A}"
EndProject
Project("{8BC9CEB8-8B4A-11D0-8D11-00A0C91BC942}") = "mxml1", "3rdParty\MXML\vcnet\mxml1.vcxproj", "{E5AA9476-9751-4654-8109-B1A2112D5E73}"
EndProject
Project("{8BC9CEB8-8B4A-11D0-8D11-00A0C91BC942}") = "SDL2", "3rdParty\SDL2-2.0.10\VisualC\SDL\SDL.vcxproj", "{81CE8DAF-EBB2-4761-8E45-B71ABCCA8C68}"
EndProject
Project("{8BC9CEB8-8B4A-11D0-8D11-00A0C91BC942}") = "UICreator", "UICreator\UICreator.vcxproj", "{B71C8C46-6B7C-490C-9B3F-6220C80C2109}"
EndProject
Project("{8BC9CEB8-8B4A-11D0-8D11-00A0C91BC942}") = "LVGL", "3rdParty\LVGL\LVGL.vcxproj", "{AF5E3ABF-B119-42C2-AB75-3B0E380CD6BA}"
EndProject
Project("{8BC9CEB8-8B4A-11D0-8D11-00A0C91BC942}") = "freetype", "3rdParty\freetype-2.10.1\builds\windows\visualc\freetype.vcxproj", "{78B079BD-9FC7-4B9E-B4A6-96DA0F00248B}"
EndProject
Project("{8BC9CEB8-8B4A-11D0-8D11-00A0C91BC942}") = "spdlog", "3rdParty\spdlog-1.x\spdlog\spdlog.vcxproj", "{51AE7CCA-3BB3-4533-929E-61644B17621E}"
EndProject
Project("{2150E333-8FDC-42A3-9474-1A3956D46DE8}") = "Tests", "Tests", "{1B60DA92-CE6E-4046-A050-4D0DCCA202DC}"
EndProject
Project("{2150E333-8FDC-42A3-9474-1A3956D46DE8}") = "UnitTests", "UnitTests", "{C7B3E3C5-4EC3-4517-A8CF-42570E710B1E}"
EndProject
Project("{8BC9CEB8-8B4A-11D0-8D11-00A0C91BC942}") = "LVSerial", "LVSerial\LVSerial.vcxproj", "{BA7252E3-2A2E-45FE-9A1A-21BD062EDDCF}"
EndProject
Project("{8BC9CEB8-8B4A-11D0-8D11-00A0C91BC942}") = "Serialization", "Tests\UnitTests\Serialization\Serialization.vcxproj", "{4E35534F-257E-4CE5-9873-17E7DB9E6608}"
EndProject
Project("{2150E333-8FDC-42A3-9474-1A3956D46DE8}") = "ImageMagic", "ImageMagic", "{10D22283-B924-423D-8EAA-7F5B002C06C0}"
EndProject
Project("{8BC9CEB8-8B4A-11D0-8D11-00A0C91BC942}") = "ImgLib", "ImgLib\ImgLib.vcxproj", "{D3DF9B50-0836-4BF9-BF64-7ECB319F8EAC}"
EndProject
Global
	GlobalSection(SolutionConfigurationPlatforms) = preSolution
		Debug Static|Any CPU = Debug Static|Any CPU
		Debug Static|x64 = Debug Static|x64
		Debug Static|x86 = Debug Static|x86
		Debug|Any CPU = Debug|Any CPU
		Debug|x64 = Debug|x64
		Debug|x86 = Debug|x86
		Release Static|Any CPU = Release Static|Any CPU
		Release Static|x64 = Release Static|x64
		Release Static|x86 = Release Static|x86
		Release|Any CPU = Release|Any CPU
		Release|x64 = Release|x64
		Release|x86 = Release|x86
	EndGlobalSection
	GlobalSection(ProjectConfigurationPlatforms) = postSolution
		{E5AA9476-9751-4654-8109-B1A2112D5E73}.Debug Static|Any CPU.ActiveCfg = Release|Win32
		{E5AA9476-9751-4654-8109-B1A2112D5E73}.Debug Static|Any CPU.Build.0 = Release|Win32
		{E5AA9476-9751-4654-8109-B1A2112D5E73}.Debug Static|x64.ActiveCfg = Debug|x64
		{E5AA9476-9751-4654-8109-B1A2112D5E73}.Debug Static|x64.Build.0 = Debug|x64
		{E5AA9476-9751-4654-8109-B1A2112D5E73}.Debug Static|x86.ActiveCfg = Debug|Win32
		{E5AA9476-9751-4654-8109-B1A2112D5E73}.Debug Static|x86.Build.0 = Debug|Win32
		{E5AA9476-9751-4654-8109-B1A2112D5E73}.Debug|Any CPU.ActiveCfg = Debug|Win32
		{E5AA9476-9751-4654-8109-B1A2112D5E73}.Debug|x64.ActiveCfg = Debug|x64
		{E5AA9476-9751-4654-8109-B1A2112D5E73}.Debug|x64.Build.0 = Debug|x64
		{E5AA9476-9751-4654-8109-B1A2112D5E73}.Debug|x86.ActiveCfg = Debug|Win32
		{E5AA9476-9751-4654-8109-B1A2112D5E73}.Debug|x86.Build.0 = Debug|Win32
		{E5AA9476-9751-4654-8109-B1A2112D5E73}.Release Static|Any CPU.ActiveCfg = Release|Win32
		{E5AA9476-9751-4654-8109-B1A2112D5E73}.Release Static|Any CPU.Build.0 = Release|Win32
		{E5AA9476-9751-4654-8109-B1A2112D5E73}.Release Static|x64.ActiveCfg = Release|x64
		{E5AA9476-9751-4654-8109-B1A2112D5E73}.Release Static|x64.Build.0 = Release|x64
		{E5AA9476-9751-4654-8109-B1A2112D5E73}.Release Static|x86.ActiveCfg = Release|Win32
		{E5AA9476-9751-4654-8109-B1A2112D5E73}.Release Static|x86.Build.0 = Release|Win32
		{E5AA9476-9751-4654-8109-B1A2112D5E73}.Release|Any CPU.ActiveCfg = Release|Win32
		{E5AA9476-9751-4654-8109-B1A2112D5E73}.Release|x64.ActiveCfg = Release|x64
		{E5AA9476-9751-4654-8109-B1A2112D5E73}.Release|x64.Build.0 = Release|x64
		{E5AA9476-9751-4654-8109-B1A2112D5E73}.Release|x86.ActiveCfg = Release|Win32
		{E5AA9476-9751-4654-8109-B1A2112D5E73}.Release|x86.Build.0 = Release|Win32
		{81CE8DAF-EBB2-4761-8E45-B71ABCCA8C68}.Debug Static|Any CPU.ActiveCfg = Release|Win32
		{81CE8DAF-EBB2-4761-8E45-B71ABCCA8C68}.Debug Static|Any CPU.Build.0 = Release|Win32
		{81CE8DAF-EBB2-4761-8E45-B71ABCCA8C68}.Debug Static|x64.ActiveCfg = Debug|x64
		{81CE8DAF-EBB2-4761-8E45-B71ABCCA8C68}.Debug Static|x64.Build.0 = Debug|x64
		{81CE8DAF-EBB2-4761-8E45-B71ABCCA8C68}.Debug Static|x86.ActiveCfg = Debug|Win32
		{81CE8DAF-EBB2-4761-8E45-B71ABCCA8C68}.Debug Static|x86.Build.0 = Debug|Win32
		{81CE8DAF-EBB2-4761-8E45-B71ABCCA8C68}.Debug|Any CPU.ActiveCfg = Debug|Win32
		{81CE8DAF-EBB2-4761-8E45-B71ABCCA8C68}.Debug|x64.ActiveCfg = Debug|x64
		{81CE8DAF-EBB2-4761-8E45-B71ABCCA8C68}.Debug|x64.Build.0 = Debug|x64
		{81CE8DAF-EBB2-4761-8E45-B71ABCCA8C68}.Debug|x86.ActiveCfg = Debug|Win32
		{81CE8DAF-EBB2-4761-8E45-B71ABCCA8C68}.Debug|x86.Build.0 = Debug|Win32
		{81CE8DAF-EBB2-4761-8E45-B71ABCCA8C68}.Release Static|Any CPU.ActiveCfg = Release|Win32
		{81CE8DAF-EBB2-4761-8E45-B71ABCCA8C68}.Release Static|Any CPU.Build.0 = Release|Win32
		{81CE8DAF-EBB2-4761-8E45-B71ABCCA8C68}.Release Static|x64.ActiveCfg = Release|x64
		{81CE8DAF-EBB2-4761-8E45-B71ABCCA8C68}.Release Static|x64.Build.0 = Release|x64
		{81CE8DAF-EBB2-4761-8E45-B71ABCCA8C68}.Release Static|x86.ActiveCfg = Release|Win32
		{81CE8DAF-EBB2-4761-8E45-B71ABCCA8C68}.Release Static|x86.Build.0 = Release|Win32
		{81CE8DAF-EBB2-4761-8E45-B71ABCCA8C68}.Release|Any CPU.ActiveCfg = Release|Win32
		{81CE8DAF-EBB2-4761-8E45-B71ABCCA8C68}.Release|x64.ActiveCfg = Release|x64
		{81CE8DAF-EBB2-4761-8E45-B71ABCCA8C68}.Release|x64.Build.0 = Release|x64
		{81CE8DAF-EBB2-4761-8E45-B71ABCCA8C68}.Release|x86.ActiveCfg = Release|Win32
		{81CE8DAF-EBB2-4761-8E45-B71ABCCA8C68}.Release|x86.Build.0 = Release|Win32
		{B71C8C46-6B7C-490C-9B3F-6220C80C2109}.Debug Static|Any CPU.ActiveCfg = Release|Win32
		{B71C8C46-6B7C-490C-9B3F-6220C80C2109}.Debug Static|Any CPU.Build.0 = Release|Win32
		{B71C8C46-6B7C-490C-9B3F-6220C80C2109}.Debug Static|x64.ActiveCfg = Debug|x64
		{B71C8C46-6B7C-490C-9B3F-6220C80C2109}.Debug Static|x64.Build.0 = Debug|x64
		{B71C8C46-6B7C-490C-9B3F-6220C80C2109}.Debug Static|x86.ActiveCfg = Debug|Win32
		{B71C8C46-6B7C-490C-9B3F-6220C80C2109}.Debug Static|x86.Build.0 = Debug|Win32
		{B71C8C46-6B7C-490C-9B3F-6220C80C2109}.Debug|Any CPU.ActiveCfg = Debug|Win32
		{B71C8C46-6B7C-490C-9B3F-6220C80C2109}.Debug|x64.ActiveCfg = Debug|x64
		{B71C8C46-6B7C-490C-9B3F-6220C80C2109}.Debug|x64.Build.0 = Debug|x64
		{B71C8C46-6B7C-490C-9B3F-6220C80C2109}.Debug|x86.ActiveCfg = Debug|Win32
		{B71C8C46-6B7C-490C-9B3F-6220C80C2109}.Debug|x86.Build.0 = Debug|Win32
		{B71C8C46-6B7C-490C-9B3F-6220C80C2109}.Release Static|Any CPU.ActiveCfg = Release|Win32
		{B71C8C46-6B7C-490C-9B3F-6220C80C2109}.Release Static|Any CPU.Build.0 = Release|Win32
		{B71C8C46-6B7C-490C-9B3F-6220C80C2109}.Release Static|x64.ActiveCfg = Release|x64
		{B71C8C46-6B7C-490C-9B3F-6220C80C2109}.Release Static|x64.Build.0 = Release|x64
		{B71C8C46-6B7C-490C-9B3F-6220C80C2109}.Release Static|x86.ActiveCfg = Release|Win32
		{B71C8C46-6B7C-490C-9B3F-6220C80C2109}.Release Static|x86.Build.0 = Release|Win32
		{B71C8C46-6B7C-490C-9B3F-6220C80C2109}.Release|Any CPU.ActiveCfg = Release|Win32
		{B71C8C46-6B7C-490C-9B3F-6220C80C2109}.Release|x64.ActiveCfg = Release|x64
		{B71C8C46-6B7C-490C-9B3F-6220C80C2109}.Release|x64.Build.0 = Release|x64
		{B71C8C46-6B7C-490C-9B3F-6220C80C2109}.Release|x86.ActiveCfg = Release|Win32
		{B71C8C46-6B7C-490C-9B3F-6220C80C2109}.Release|x86.Build.0 = Release|Win32
		{AF5E3ABF-B119-42C2-AB75-3B0E380CD6BA}.Debug Static|Any CPU.ActiveCfg = Release|Win32
		{AF5E3ABF-B119-42C2-AB75-3B0E380CD6BA}.Debug Static|Any CPU.Build.0 = Release|Win32
		{AF5E3ABF-B119-42C2-AB75-3B0E380CD6BA}.Debug Static|x64.ActiveCfg = Debug|x64
		{AF5E3ABF-B119-42C2-AB75-3B0E380CD6BA}.Debug Static|x64.Build.0 = Debug|x64
		{AF5E3ABF-B119-42C2-AB75-3B0E380CD6BA}.Debug Static|x86.ActiveCfg = Debug|Win32
		{AF5E3ABF-B119-42C2-AB75-3B0E380CD6BA}.Debug Static|x86.Build.0 = Debug|Win32
		{AF5E3ABF-B119-42C2-AB75-3B0E380CD6BA}.Debug|Any CPU.ActiveCfg = Debug|Win32
		{AF5E3ABF-B119-42C2-AB75-3B0E380CD6BA}.Debug|x64.ActiveCfg = Debug|x64
		{AF5E3ABF-B119-42C2-AB75-3B0E380CD6BA}.Debug|x64.Build.0 = Debug|x64
		{AF5E3ABF-B119-42C2-AB75-3B0E380CD6BA}.Debug|x86.ActiveCfg = Debug|Win32
		{AF5E3ABF-B119-42C2-AB75-3B0E380CD6BA}.Debug|x86.Build.0 = Debug|Win32
		{AF5E3ABF-B119-42C2-AB75-3B0E380CD6BA}.Release Static|Any CPU.ActiveCfg = Release|Win32
		{AF5E3ABF-B119-42C2-AB75-3B0E380CD6BA}.Release Static|Any CPU.Build.0 = Release|Win32
		{AF5E3ABF-B119-42C2-AB75-3B0E380CD6BA}.Release Static|x64.ActiveCfg = Release|x64
		{AF5E3ABF-B119-42C2-AB75-3B0E380CD6BA}.Release Static|x64.Build.0 = Release|x64
		{AF5E3ABF-B119-42C2-AB75-3B0E380CD6BA}.Release Static|x86.ActiveCfg = Release|Win32
		{AF5E3ABF-B119-42C2-AB75-3B0E380CD6BA}.Release Static|x86.Build.0 = Release|Win32
		{AF5E3ABF-B119-42C2-AB75-3B0E380CD6BA}.Release|Any CPU.ActiveCfg = Release|Win32
		{AF5E3ABF-B119-42C2-AB75-3B0E380CD6BA}.Release|x64.ActiveCfg = Release|x64
		{AF5E3ABF-B119-42C2-AB75-3B0E380CD6BA}.Release|x64.Build.0 = Release|x64
		{AF5E3ABF-B119-42C2-AB75-3B0E380CD6BA}.Release|x86.ActiveCfg = Release|Win32
		{AF5E3ABF-B119-42C2-AB75-3B0E380CD6BA}.Release|x86.Build.0 = Release|Win32
		{78B079BD-9FC7-4B9E-B4A6-96DA0F00248B}.Debug Static|Any CPU.ActiveCfg = Debug Static|x64
		{78B079BD-9FC7-4B9E-B4A6-96DA0F00248B}.Debug Static|x64.ActiveCfg = Debug Static|x64
		{78B079BD-9FC7-4B9E-B4A6-96DA0F00248B}.Debug Static|x64.Build.0 = Debug Static|x64
		{78B079BD-9FC7-4B9E-B4A6-96DA0F00248B}.Debug Static|x86.ActiveCfg = Debug Static|x64
		{78B079BD-9FC7-4B9E-B4A6-96DA0F00248B}.Debug|Any CPU.ActiveCfg = Debug|x64
		{78B079BD-9FC7-4B9E-B4A6-96DA0F00248B}.Debug|x64.ActiveCfg = Debug|x64
		{78B079BD-9FC7-4B9E-B4A6-96DA0F00248B}.Debug|x64.Build.0 = Debug|x64
		{78B079BD-9FC7-4B9E-B4A6-96DA0F00248B}.Debug|x86.ActiveCfg = Debug|x64
		{78B079BD-9FC7-4B9E-B4A6-96DA0F00248B}.Release Static|Any CPU.ActiveCfg = Release Static|x64
		{78B079BD-9FC7-4B9E-B4A6-96DA0F00248B}.Release Static|x64.ActiveCfg = Release Static|x64
		{78B079BD-9FC7-4B9E-B4A6-96DA0F00248B}.Release Static|x64.Build.0 = Release Static|x64
		{78B079BD-9FC7-4B9E-B4A6-96DA0F00248B}.Release Static|x86.ActiveCfg = Release Static|x64
		{78B079BD-9FC7-4B9E-B4A6-96DA0F00248B}.Release|Any CPU.ActiveCfg = Release|x64
		{78B079BD-9FC7-4B9E-B4A6-96DA0F00248B}.Release|x64.ActiveCfg = Release|x64
		{78B079BD-9FC7-4B9E-B4A6-96DA0F00248B}.Release|x64.Build.0 = Release|x64
		{78B079BD-9FC7-4B9E-B4A6-96DA0F00248B}.Release|x86.ActiveCfg = Release|x64
		{51AE7CCA-3BB3-4533-929E-61644B17621E}.Debug Static|Any CPU.ActiveCfg = Release|x64
		{51AE7CCA-3BB3-4533-929E-61644B17621E}.Debug Static|Any CPU.Build.0 = Release|x64
		{51AE7CCA-3BB3-4533-929E-61644B17621E}.Debug Static|x64.ActiveCfg = Debug|x64
		{51AE7CCA-3BB3-4533-929E-61644B17621E}.Debug Static|x64.Build.0 = Debug|x64
		{51AE7CCA-3BB3-4533-929E-61644B17621E}.Debug Static|x86.ActiveCfg = Debug|Win32
		{51AE7CCA-3BB3-4533-929E-61644B17621E}.Debug Static|x86.Build.0 = Debug|Win32
		{51AE7CCA-3BB3-4533-929E-61644B17621E}.Debug|Any CPU.ActiveCfg = Debug|Win32
		{51AE7CCA-3BB3-4533-929E-61644B17621E}.Debug|x64.ActiveCfg = Debug|x64
		{51AE7CCA-3BB3-4533-929E-61644B17621E}.Debug|x64.Build.0 = Debug|x64
		{51AE7CCA-3BB3-4533-929E-61644B17621E}.Debug|x86.ActiveCfg = Debug|Win32
		{51AE7CCA-3BB3-4533-929E-61644B17621E}.Debug|x86.Build.0 = Debug|Win32
		{51AE7CCA-3BB3-4533-929E-61644B17621E}.Release Static|Any CPU.ActiveCfg = Release|x64
		{51AE7CCA-3BB3-4533-929E-61644B17621E}.Release Static|Any CPU.Build.0 = Release|x64
		{51AE7CCA-3BB3-4533-929E-61644B17621E}.Release Static|x64.ActiveCfg = Release|x64
		{51AE7CCA-3BB3-4533-929E-61644B17621E}.Release Static|x64.Build.0 = Release|x64
		{51AE7CCA-3BB3-4533-929E-61644B17621E}.Release Static|x86.ActiveCfg = Release|Win32
		{51AE7CCA-3BB3-4533-929E-61644B17621E}.Release Static|x86.Build.0 = Release|Win32
		{51AE7CCA-3BB3-4533-929E-61644B17621E}.Release|Any CPU.ActiveCfg = Release|Win32
		{51AE7CCA-3BB3-4533-929E-61644B17621E}.Release|x64.ActiveCfg = Release|x64
		{51AE7CCA-3BB3-4533-929E-61644B17621E}.Release|x64.Build.0 = Release|x64
		{51AE7CCA-3BB3-4533-929E-61644B17621E}.Release|x86.ActiveCfg = Release|Win32
		{51AE7CCA-3BB3-4533-929E-61644B17621E}.Release|x86.Build.0 = Release|Win32
		{BA7252E3-2A2E-45FE-9A1A-21BD062EDDCF}.Debug Static|Any CPU.ActiveCfg = Release|x64
		{BA7252E3-2A2E-45FE-9A1A-21BD062EDDCF}.Debug Static|Any CPU.Build.0 = Release|x64
		{BA7252E3-2A2E-45FE-9A1A-21BD062EDDCF}.Debug Static|x64.ActiveCfg = Debug|x64
		{BA7252E3-2A2E-45FE-9A1A-21BD062EDDCF}.Debug Static|x64.Build.0 = Debug|x64
		{BA7252E3-2A2E-45FE-9A1A-21BD062EDDCF}.Debug Static|x86.ActiveCfg = Debug|Win32
		{BA7252E3-2A2E-45FE-9A1A-21BD062EDDCF}.Debug Static|x86.Build.0 = Debug|Win32
		{BA7252E3-2A2E-45FE-9A1A-21BD062EDDCF}.Debug|Any CPU.ActiveCfg = Debug|Win32
		{BA7252E3-2A2E-45FE-9A1A-21BD062EDDCF}.Debug|x64.ActiveCfg = Debug|x64
		{BA7252E3-2A2E-45FE-9A1A-21BD062EDDCF}.Debug|x64.Build.0 = Debug|x64
		{BA7252E3-2A2E-45FE-9A1A-21BD062EDDCF}.Debug|x86.ActiveCfg = Debug|Win32
		{BA7252E3-2A2E-45FE-9A1A-21BD062EDDCF}.Debug|x86.Build.0 = Debug|Win32
		{BA7252E3-2A2E-45FE-9A1A-21BD062EDDCF}.Release Static|Any CPU.ActiveCfg = Release|x64
		{BA7252E3-2A2E-45FE-9A1A-21BD062EDDCF}.Release Static|Any CPU.Build.0 = Release|x64
		{BA7252E3-2A2E-45FE-9A1A-21BD062EDDCF}.Release Static|x64.ActiveCfg = Release|x64
		{BA7252E3-2A2E-45FE-9A1A-21BD062EDDCF}.Release Static|x64.Build.0 = Release|x64
		{BA7252E3-2A2E-45FE-9A1A-21BD062EDDCF}.Release Static|x86.ActiveCfg = Release|Win32
		{BA7252E3-2A2E-45FE-9A1A-21BD062EDDCF}.Release Static|x86.Build.0 = Release|Win32
		{BA7252E3-2A2E-45FE-9A1A-21BD062EDDCF}.Release|Any CPU.ActiveCfg = Release|Win32
		{BA7252E3-2A2E-45FE-9A1A-21BD062EDDCF}.Release|x64.ActiveCfg = Release|x64
		{BA7252E3-2A2E-45FE-9A1A-21BD062EDDCF}.Release|x64.Build.0 = Release|x64
		{BA7252E3-2A2E-45FE-9A1A-21BD062EDDCF}.Release|x86.ActiveCfg = Release|Win32
		{BA7252E3-2A2E-45FE-9A1A-21BD062EDDCF}.Release|x86.Build.0 = Release|Win32
		{4E35534F-257E-4CE5-9873-17E7DB9E6608}.Debug Static|Any CPU.ActiveCfg = Release|x64
		{4E35534F-257E-4CE5-9873-17E7DB9E6608}.Debug Static|Any CPU.Build.0 = Release|x64
		{4E35534F-257E-4CE5-9873-17E7DB9E6608}.Debug Static|x64.ActiveCfg = Debug|x64
		{4E35534F-257E-4CE5-9873-17E7DB9E6608}.Debug Static|x64.Build.0 = Debug|x64
		{4E35534F-257E-4CE5-9873-17E7DB9E6608}.Debug Static|x86.ActiveCfg = Debug|Win32
		{4E35534F-257E-4CE5-9873-17E7DB9E6608}.Debug Static|x86.Build.0 = Debug|Win32
		{4E35534F-257E-4CE5-9873-17E7DB9E6608}.Debug|Any CPU.ActiveCfg = Debug|Win32
		{4E35534F-257E-4CE5-9873-17E7DB9E6608}.Debug|x64.ActiveCfg = Debug|x64
		{4E35534F-257E-4CE5-9873-17E7DB9E6608}.Debug|x64.Build.0 = Debug|x64
		{4E35534F-257E-4CE5-9873-17E7DB9E6608}.Debug|x86.ActiveCfg = Debug|Win32
		{4E35534F-257E-4CE5-9873-17E7DB9E6608}.Debug|x86.Build.0 = Debug|Win32
		{4E35534F-257E-4CE5-9873-17E7DB9E6608}.Release Static|Any CPU.ActiveCfg = Release|x64
		{4E35534F-257E-4CE5-9873-17E7DB9E6608}.Release Static|Any CPU.Build.0 = Release|x64
		{4E35534F-257E-4CE5-9873-17E7DB9E6608}.Release Static|x64.ActiveCfg = Release|x64
		{4E35534F-257E-4CE5-9873-17E7DB9E6608}.Release Static|x64.Build.0 = Release|x64
		{4E35534F-257E-4CE5-9873-17E7DB9E6608}.Release Static|x86.ActiveCfg = Release|Win32
		{4E35534F-257E-4CE5-9873-17E7DB9E6608}.Release Static|x86.Build.0 = Release|Win32
		{4E35534F-257E-4CE5-9873-17E7DB9E6608}.Release|Any CPU.ActiveCfg = Release|Win32
		{4E35534F-257E-4CE5-9873-17E7DB9E6608}.Release|x64.ActiveCfg = Release|x64
		{4E35534F-257E-4CE5-9873-17E7DB9E6608}.Release|x64.Build.0 = Release|x64
		{4E35534F-257E-4CE5-9873-17E7DB9E6608}.Release|x86.ActiveCfg = Release|Win32
		{4E35534F-257E-4CE5-9873-17E7DB9E6608}.Release|x86.Build.0 = Release|Win32
		{D3DF9B50-0836-4BF9-BF64-7ECB319F8EAC}.Debug Static|Any CPU.ActiveCfg = Release|x64
		{D3DF9B50-0836-4BF9-BF64-7ECB319F8EAC}.Debug Static|Any CPU.Build.0 = Release|x64
		{D3DF9B50-0836-4BF9-BF64-7ECB319F8EAC}.Debug Static|x64.ActiveCfg = Debug|x64
		{D3DF9B50-0836-4BF9-BF64-7ECB319F8EAC}.Debug Static|x64.Build.0 = Debug|x64
		{D3DF9B50-0836-4BF9-BF64-7ECB319F8EAC}.Debug Static|x86.ActiveCfg = Debug|Win32
		{D3DF9B50-0836-4BF9-BF64-7ECB319F8EAC}.Debug Static|x86.Build.0 = Debug|Win32
		{D3DF9B50-0836-4BF9-BF64-7ECB319F8EAC}.Debug|Any CPU.ActiveCfg = Debug|Win32
		{D3DF9B50-0836-4BF9-BF64-7ECB319F8EAC}.Debug|x64.ActiveCfg = Debug|x64
		{D3DF9B50-0836-4BF9-BF64-7ECB319F8EAC}.Debug|x64.Build.0 = Debug|x64
		{D3DF9B50-0836-4BF9-BF64-7ECB319F8EAC}.Debug|x86.ActiveCfg = Debug|Win32
		{D3DF9B50-0836-4BF9-BF64-7ECB319F8EAC}.Debug|x86.Build.0 = Debug|Win32
		{D3DF9B50-0836-4BF9-BF64-7ECB319F8EAC}.Release Static|Any CPU.ActiveCfg = Release|x64
		{D3DF9B50-0836-4BF9-BF64-7ECB319F8EAC}.Release Static|Any CPU.Build.0 = Release|x64
		{D3DF9B50-0836-4BF9-BF64-7ECB319F8EAC}.Release Static|x64.ActiveCfg = Release|x64
		{D3DF9B50-0836-4BF9-BF64-7ECB319F8EAC}.Release Static|x64.Build.0 = Release|x64
		{D3DF9B50-0836-4BF9-BF64-7ECB319F8EAC}.Release Static|x86.ActiveCfg = Release|Win32
		{D3DF9B50-0836-4BF9-BF64-7ECB319F8EAC}.Release Static|x86.Build.0 = Release|Win32
		{D3DF9B50-0836-4BF9-BF64-7ECB319F8EAC}.Release|Any CPU.ActiveCfg = Release|Win32
		{D3DF9B50-0836-4BF9-BF64-7ECB319F8EAC}.Release|x64.ActiveCfg = Release|x64
		{D3DF9B50-0836-4BF9-BF64-7ECB319F8EAC}.Release|x64.Build.0 = Release|x64
		{D3DF9B50-0836-4BF9-BF64-7ECB319F8EAC}.Release|x86.ActiveCfg = Release|Win32
		{D3DF9B50-0836-4BF9-BF64-7ECB319F8EAC}.Release|x86.Build.0 = Release|Win32
	EndGlobalSection
	GlobalSection(SolutionProperties) = preSolution
		HideSolutionNode = FALSE
	EndGlobalSection
	GlobalSection(NestedProjects) = preSolution
		{E5AA9476-9751-4654-8109-B1A2112D5E73} = {B401D3C1-89E8-4643-BDA9-D5F8FF2C195A}
		{81CE8DAF-EBB2-4761-8E45-B71ABCCA8C68} = {B401D3C1-89E8-4643-BDA9-D5F8FF2C195A}
		{AF5E3ABF-B119-42C2-AB75-3B0E380CD6BA} = {B401D3C1-89E8-4643-BDA9-D5F8FF2C195A}
		{78B079BD-9FC7-4B9E-B4A6-96DA0F00248B} = {B401D3C1-89E8-4643-BDA9-D5F8FF2C195A}
		{51AE7CCA-3BB3-4533-929E-61644B17621E} = {B401D3C1-89E8-4643-BDA9-D5F8FF2C195A}
		{C7B3E3C5-4EC3-4517-A8CF-42570E710B1E} = {1B60DA92-CE6E-4046-A050-4D0DCCA202DC}
		{4E35534F-257E-4CE5-9873-17E7DB9E6608} = {C7B3E3C5-4EC3-4517-A8CF-42570E710B1E}
		{10D22283-B924-423D-8EAA-7F5B002C06C0} = {B401D3C1-89E8-4643-BDA9-D5F8FF2C195A}
	EndGlobalSection
	GlobalSection(ExtensibilityGlobals) = postSolution
		SolutionGuid = {8A50B2E2-0A1B-4590-8661-FA4B82AE8668}
	EndGlobalSection
EndGlobal
