Microsoft Visual Studio Solution File, Format Version 12.00
# Visual Studio Version 16
VisualStudioVersion = 16.0.29215.179
MinimumVisualStudioVersion = 10.0.40219.1
Project("{2150E333-8FDC-42A3-9474-1A3956D46DE8}") = "3rdParty", "3rdParty", "{B401D3C1-89E8-4643-BDA9-D5F8FF2C195A}"
EndProject
Project("{8BC9CEB8-8B4A-11D0-8D11-00A0C91BC942}") = "mxml1", "3rdParty\MXML\vcnet\mxml1.vcxproj", "{E5AA9476-9751-4654-8109-B1A2112D5E73}"
EndProject
Project("{8BC9CEB8-8B4A-11D0-8D11-00A0C91BC942}") = "SDL2", "3rdParty\SDL2-2.0.10\VisualC\SDL\SDL.vcxproj", "{81CE8DAF-EBB2-4761-8E45-B71ABCCA8C68}"
EndProject
Project("{8BC9CEB8-8B4A-11D0-8D11-00A0C91BC942}") = "UICreator", "UICreator\UICreator.vcxproj", "{B71C8C46-6B7C-490C-9B3F-6220C80C2109}"
EndProject
Project("{8BC9CEB8-8B4A-11D0-8D11-00A0C91BC942}") = "LVGL", "3rdParty\LVGL\LVGL.vcxproj", "{AF5E3ABF-B119-42C2-AB75-3B0E380CD6BA}"
EndProject
Project("{8BC9CEB8-8B4A-11D0-8D11-00A0C91BC942}") = "freetype", "3rdParty\freetype-2.10.1\builds\windows\visualc\freetype.vcxproj", "{78B079BD-9FC7-4B9E-B4A6-96DA0F00248B}"
EndProject
Project("{8BC9CEB8-8B4A-11D0-8D11-00A0C91BC942}") = "spdlog", "3rdParty\spdlog-1.x\spdlog\spdlog.vcxproj", "{51AE7CCA-3BB3-4533-929E-61644B17621E}"
EndProject
Project("{2150E333-8FDC-42A3-9474-1A3956D46DE8}") = "Tests", "Tests", "{1B60DA92-CE6E-4046-A050-4D0DCCA202DC}"
EndProject
Project("{2150E333-8FDC-42A3-9474-1A3956D46DE8}") = "UnitTests", "UnitTests", "{C7B3E3C5-4EC3-4517-A8CF-42570E710B1E}"
EndProject
Project("{8BC9CEB8-8B4A-11D0-8D11-00A0C91BC942}") = "LVSerial", "LVSerial\LVSerial.vcxproj", "{BA7252E3-2A2E-45FE-9A1A-21BD062EDDCF}"
EndProject
Project("{8BC9CEB8-8B4A-11D0-8D11-00A0C91BC942}") = "Serialization", "Tests\UnitTests\Serialization\Serialization.vcxproj", "{4E35534F-257E-4CE5-9873-17E7DB9E6608}"
EndProject
Project("{8BC9CEB8-8B4A-11D0-8D11-00A0C91BC942}") = "ImgLib", "ImgLib\ImgLib.vcxproj", "{D3DF9B50-0836-4BF9-BF64-7ECB319F8EAC}"
EndProject
Project("{8BC9CEB8-8B4A-11D0-8D11-00A0C91BC942}") = "libimagequant", "3rdParty\libimagequant\libimagequant\libimagequant.vcxproj", "{BBAE7F39-0319-4CB9-958C-93CA9D15B164}"
EndProject
Project("{8BC9CEB8-8B4A-11D0-8D11-00A0C91BC942}") = "ImgLib", "Tests\UnitTests\ImgLib\ImgLib.vcxproj", "{AA10CB6C-C0B7-4F0B-9FC6-58F157F8E785}"
EndProject
Project("{2150E333-8FDC-42A3-9474-1A3956D46DE8}") = "Solution Items", "Solution Items", "{E3D23BD3-3A8D-4476-BBDA-99370C07BBF9}"
	ProjectSection(SolutionItems) = preProject
		CMakeLists.txt = CMakeLists.txt
	EndProjectSection
EndProject
Global
	GlobalSection(SolutionConfigurationPlatforms) = preSolution
		Debug Static|x64 = Debug Static|x64
		Debug|x64 = Debug|x64
		Release Static|x64 = Release Static|x64
		Release|x64 = Release|x64
	EndGlobalSection
	GlobalSection(ProjectConfigurationPlatforms) = postSolution
		{E5AA9476-9751-4654-8109-B1A2112D5E73}.Debug Static|x64.ActiveCfg = Debug|x64
		{E5AA9476-9751-4654-8109-B1A2112D5E73}.Debug Static|x64.Build.0 = Debug|x64
		{E5AA9476-9751-4654-8109-B1A2112D5E73}.Debug|x64.ActiveCfg = Debug|x64
		{E5AA9476-9751-4654-8109-B1A2112D5E73}.Debug|x64.Build.0 = Debug|x64
		{E5AA9476-9751-4654-8109-B1A2112D5E73}.Release Static|x64.ActiveCfg = Release|x64
		{E5AA9476-9751-4654-8109-B1A2112D5E73}.Release Static|x64.Build.0 = Release|x64
		{E5AA9476-9751-4654-8109-B1A2112D5E73}.Release|x64.ActiveCfg = Release|x64
		{E5AA9476-9751-4654-8109-B1A2112D5E73}.Release|x64.Build.0 = Release|x64
		{81CE8DAF-EBB2-4761-8E45-B71ABCCA8C68}.Debug Static|x64.ActiveCfg = Debug|x64
		{81CE8DAF-EBB2-4761-8E45-B71ABCCA8C68}.Debug Static|x64.Build.0 = Debug|x64
		{81CE8DAF-EBB2-4761-8E45-B71ABCCA8C68}.Debug|x64.ActiveCfg = Debug|x64
		{81CE8DAF-EBB2-4761-8E45-B71ABCCA8C68}.Debug|x64.Build.0 = Debug|x64
		{81CE8DAF-EBB2-4761-8E45-B71ABCCA8C68}.Release Static|x64.ActiveCfg = Release|x64
		{81CE8DAF-EBB2-4761-8E45-B71ABCCA8C68}.Release Static|x64.Build.0 = Release|x64
		{81CE8DAF-EBB2-4761-8E45-B71ABCCA8C68}.Release|x64.ActiveCfg = Release|x64
		{81CE8DAF-EBB2-4761-8E45-B71ABCCA8C68}.Release|x64.Build.0 = Release|x64
		{B71C8C46-6B7C-490C-9B3F-6220C80C2109}.Debug Static|x64.ActiveCfg = Debug|x64
		{B71C8C46-6B7C-490C-9B3F-6220C80C2109}.Debug Static|x64.Build.0 = Debug|x64
		{B71C8C46-6B7C-490C-9B3F-6220C80C2109}.Debug|x64.ActiveCfg = Debug|x64
		{B71C8C46-6B7C-490C-9B3F-6220C80C2109}.Debug|x64.Build.0 = Debug|x64
		{B71C8C46-6B7C-490C-9B3F-6220C80C2109}.Release Static|x64.ActiveCfg = Release|x64
		{B71C8C46-6B7C-490C-9B3F-6220C80C2109}.Release Static|x64.Build.0 = Release|x64
		{B71C8C46-6B7C-490C-9B3F-6220C80C2109}.Release|x64.ActiveCfg = Release|x64
		{B71C8C46-6B7C-490C-9B3F-6220C80C2109}.Release|x64.Build.0 = Release|x64
		{AF5E3ABF-B119-42C2-AB75-3B0E380CD6BA}.Debug Static|x64.ActiveCfg = Debug|x64
		{AF5E3ABF-B119-42C2-AB75-3B0E380CD6BA}.Debug Static|x64.Build.0 = Debug|x64
		{AF5E3ABF-B119-42C2-AB75-3B0E380CD6BA}.Debug|x64.ActiveCfg = Debug|x64
		{AF5E3ABF-B119-42C2-AB75-3B0E380CD6BA}.Debug|x64.Build.0 = Debug|x64
		{AF5E3ABF-B119-42C2-AB75-3B0E380CD6BA}.Release Static|x64.ActiveCfg = Release|x64
		{AF5E3ABF-B119-42C2-AB75-3B0E380CD6BA}.Release Static|x64.Build.0 = Release|x64
		{AF5E3ABF-B119-42C2-AB75-3B0E380CD6BA}.Release|x64.ActiveCfg = Release|x64
		{AF5E3ABF-B119-42C2-AB75-3B0E380CD6BA}.Release|x64.Build.0 = Release|x64
		{78B079BD-9FC7-4B9E-B4A6-96DA0F00248B}.Debug Static|x64.ActiveCfg = Debug Static|x64
		{78B079BD-9FC7-4B9E-B4A6-96DA0F00248B}.Debug Static|x64.Build.0 = Debug Static|x64
		{78B079BD-9FC7-4B9E-B4A6-96DA0F00248B}.Debug|x64.ActiveCfg = Debug|x64
		{78B079BD-9FC7-4B9E-B4A6-96DA0F00248B}.Debug|x64.Build.0 = Debug|x64
		{78B079BD-9FC7-4B9E-B4A6-96DA0F00248B}.Release Static|x64.ActiveCfg = Release Static|x64
		{78B079BD-9FC7-4B9E-B4A6-96DA0F00248B}.Release Static|x64.Build.0 = Release Static|x64
		{78B079BD-9FC7-4B9E-B4A6-96DA0F00248B}.Release|x64.ActiveCfg = Release|x64
		{78B079BD-9FC7-4B9E-B4A6-96DA0F00248B}.Release|x64.Build.0 = Release|x64
		{51AE7CCA-3BB3-4533-929E-61644B17621E}.Debug Static|x64.ActiveCfg = Debug|x64
		{51AE7CCA-3BB3-4533-929E-61644B17621E}.Debug Static|x64.Build.0 = Debug|x64
		{51AE7CCA-3BB3-4533-929E-61644B17621E}.Debug|x64.ActiveCfg = Debug|x64
		{51AE7CCA-3BB3-4533-929E-61644B17621E}.Debug|x64.Build.0 = Debug|x64
		{51AE7CCA-3BB3-4533-929E-61644B17621E}.Release Static|x64.ActiveCfg = Release|x64
		{51AE7CCA-3BB3-4533-929E-61644B17621E}.Release Static|x64.Build.0 = Release|x64
		{51AE7CCA-3BB3-4533-929E-61644B17621E}.Release|x64.ActiveCfg = Release|x64
		{51AE7CCA-3BB3-4533-929E-61644B17621E}.Release|x64.Build.0 = Release|x64
		{BA7252E3-2A2E-45FE-9A1A-21BD062EDDCF}.Debug Static|x64.ActiveCfg = Debug|x64
		{BA7252E3-2A2E-45FE-9A1A-21BD062EDDCF}.Debug Static|x64.Build.0 = Debug|x64
		{BA7252E3-2A2E-45FE-9A1A-21BD062EDDCF}.Debug|x64.ActiveCfg = Debug|x64
		{BA7252E3-2A2E-45FE-9A1A-21BD062EDDCF}.Debug|x64.Build.0 = Debug|x64
		{BA7252E3-2A2E-45FE-9A1A-21BD062EDDCF}.Release Static|x64.ActiveCfg = Release|x64
		{BA7252E3-2A2E-45FE-9A1A-21BD062EDDCF}.Release Static|x64.Build.0 = Release|x64
		{BA7252E3-2A2E-45FE-9A1A-21BD062EDDCF}.Release|x64.ActiveCfg = Release|x64
		{BA7252E3-2A2E-45FE-9A1A-21BD062EDDCF}.Release|x64.Build.0 = Release|x64
		{4E35534F-257E-4CE5-9873-17E7DB9E6608}.Debug Static|x64.ActiveCfg = Debug|x64
		{4E35534F-257E-4CE5-9873-17E7DB9E6608}.Debug Static|x64.Build.0 = Debug|x64
		{4E35534F-257E-4CE5-9873-17E7DB9E6608}.Debug|x64.ActiveCfg = Debug|x64
		{4E35534F-257E-4CE5-9873-17E7DB9E6608}.Debug|x64.Build.0 = Debug|x64
		{4E35534F-257E-4CE5-9873-17E7DB9E6608}.Release Static|x64.ActiveCfg = Release|x64
		{4E35534F-257E-4CE5-9873-17E7DB9E6608}.Release Static|x64.Build.0 = Release|x64
		{4E35534F-257E-4CE5-9873-17E7DB9E6608}.Release|x64.ActiveCfg = Release|x64
		{4E35534F-257E-4CE5-9873-17E7DB9E6608}.Release|x64.Build.0 = Release|x64
		{D3DF9B50-0836-4BF9-BF64-7ECB319F8EAC}.Debug Static|x64.ActiveCfg = Debug|x64
		{D3DF9B50-0836-4BF9-BF64-7ECB319F8EAC}.Debug Static|x64.Build.0 = Debug|x64
		{D3DF9B50-0836-4BF9-BF64-7ECB319F8EAC}.Debug|x64.ActiveCfg = Debug|x64
		{D3DF9B50-0836-4BF9-BF64-7ECB319F8EAC}.Debug|x64.Build.0 = Debug|x64
		{D3DF9B50-0836-4BF9-BF64-7ECB319F8EAC}.Release Static|x64.ActiveCfg = Release|x64
		{D3DF9B50-0836-4BF9-BF64-7ECB319F8EAC}.Release Static|x64.Build.0 = Release|x64
		{D3DF9B50-0836-4BF9-BF64-7ECB319F8EAC}.Release|x64.ActiveCfg = Release|x64
		{D3DF9B50-0836-4BF9-BF64-7ECB319F8EAC}.Release|x64.Build.0 = Release|x64
		{BBAE7F39-0319-4CB9-958C-93CA9D15B164}.Debug Static|x64.ActiveCfg = Debug|x64
		{BBAE7F39-0319-4CB9-958C-93CA9D15B164}.Debug Static|x64.Build.0 = Debug|x64
		{BBAE7F39-0319-4CB9-958C-93CA9D15B164}.Debug|x64.ActiveCfg = Debug|x64
		{BBAE7F39-0319-4CB9-958C-93CA9D15B164}.Debug|x64.Build.0 = Debug|x64
		{BBAE7F39-0319-4CB9-958C-93CA9D15B164}.Release Static|x64.ActiveCfg = Release|x64
		{BBAE7F39-0319-4CB9-958C-93CA9D15B164}.Release Static|x64.Build.0 = Release|x64
		{BBAE7F39-0319-4CB9-958C-93CA9D15B164}.Release|x64.ActiveCfg = Release|x64
		{BBAE7F39-0319-4CB9-958C-93CA9D15B164}.Release|x64.Build.0 = Release|x64
		{AA10CB6C-C0B7-4F0B-9FC6-58F157F8E785}.Debug Static|x64.ActiveCfg = Debug|x64
		{AA10CB6C-C0B7-4F0B-9FC6-58F157F8E785}.Debug Static|x64.Build.0 = Debug|x64
		{AA10CB6C-C0B7-4F0B-9FC6-58F157F8E785}.Debug|x64.ActiveCfg = Debug|x64
		{AA10CB6C-C0B7-4F0B-9FC6-58F157F8E785}.Debug|x64.Build.0 = Debug|x64
		{AA10CB6C-C0B7-4F0B-9FC6-58F157F8E785}.Release Static|x64.ActiveCfg = Release|x64
		{AA10CB6C-C0B7-4F0B-9FC6-58F157F8E785}.Release Static|x64.Build.0 = Release|x64
		{AA10CB6C-C0B7-4F0B-9FC6-58F157F8E785}.Release|x64.ActiveCfg = Release|x64
		{AA10CB6C-C0B7-4F0B-9FC6-58F157F8E785}.Release|x64.Build.0 = Release|x64
	EndGlobalSection
	GlobalSection(SolutionProperties) = preSolution
		HideSolutionNode = FALSE
	EndGlobalSection
	GlobalSection(NestedProjects) = preSolution
		{E5AA9476-9751-4654-8109-B1A2112D5E73} = {B401D3C1-89E8-4643-BDA9-D5F8FF2C195A}
		{81CE8DAF-EBB2-4761-8E45-B71ABCCA8C68} = {B401D3C1-89E8-4643-BDA9-D5F8FF2C195A}
		{AF5E3ABF-B119-42C2-AB75-3B0E380CD6BA} = {B401D3C1-89E8-4643-BDA9-D5F8FF2C195A}
		{78B079BD-9FC7-4B9E-B4A6-96DA0F00248B} = {B401D3C1-89E8-4643-BDA9-D5F8FF2C195A}
		{51AE7CCA-3BB3-4533-929E-61644B17621E} = {B401D3C1-89E8-4643-BDA9-D5F8FF2C195A}
		{C7B3E3C5-4EC3-4517-A8CF-42570E710B1E} = {1B60DA92-CE6E-4046-A050-4D0DCCA202DC}
		{4E35534F-257E-4CE5-9873-17E7DB9E6608} = {C7B3E3C5-4EC3-4517-A8CF-42570E710B1E}
		{BBAE7F39-0319-4CB9-958C-93CA9D15B164} = {B401D3C1-89E8-4643-BDA9-D5F8FF2C195A}
		{AA10CB6C-C0B7-4F0B-9FC6-58F157F8E785} = {C7B3E3C5-4EC3-4517-A8CF-42570E710B1E}
	EndGlobalSection
	GlobalSection(ExtensibilityGlobals) = postSolution
		SolutionGuid = {8A50B2E2-0A1B-4590-8661-FA4B82AE8668}
	EndGlobalSection
EndGlobal
