<?xml version="1.0" encoding="utf-8"?>
<Project ToolsVersion="4.0" xmlns="http://schemas.microsoft.com/developer/msbuild/2003">
  <ItemGroup>
    <Filter Include="Source Files">
      <UniqueIdentifier>{4FC737F1-C7A5-4376-A066-2A32D752A2FF}</UniqueIdentifier>
      <Extensions>cpp;c;cc;cxx;def;odl;idl;hpj;bat;asm;asmx</Extensions>
    </Filter>
    <Filter Include="Header Files">
      <UniqueIdentifier>{93995380-89BD-4b04-88EB-625FBE52EBFB}</UniqueIdentifier>
      <Extensions>h;hh;hpp;hxx;hm;inl;inc;ipp;xsd</Extensions>
    </Filter>
    <Filter Include="Resource Files">
      <UniqueIdentifier>{67DA6AB6-F800-4c08-8B7A-83BB121AAD01}</UniqueIdentifier>
      <Extensions>rc;ico;cur;bmp;dlg;rc2;rct;bin;rgs;gif;jpg;jpeg;jpe;resx;tiff;tif;png;wav;mfcribbon-ms</Extensions>
    </Filter>
    <Filter Include="Header Files\Font">
      <UniqueIdentifier>{58ed6219-b8f5-40d4-b1f6-4b939ebdc419}</UniqueIdentifier>
    </Filter>
    <Filter Include="Source Files\Font">
      <UniqueIdentifier>{8581c66e-7745-4b0c-8637-df9090f024ea}</UniqueIdentifier>
    </Filter>
  </ItemGroup>
  <ItemGroup>
    <ClInclude Include="Serialization\Area.h">
      <Filter>Header Files</Filter>
    </ClInclude>
    <ClInclude Include="Serialization\Base64.h">
      <Filter>Header Files</Filter>
    </ClInclude>
    <ClInclude Include="Serialization\LVArc.h">
      <Filter>Header Files</Filter>
    </ClInclude>
    <ClInclude Include="Serialization\LVBar.h">
      <Filter>Header Files</Filter>
    </ClInclude>
    <ClInclude Include="Serialization\LVButton.h">
      <Filter>Header Files</Filter>
    </ClInclude>
    <ClInclude Include="Serialization\LVButtonMatrix.h">
      <Filter>Header Files</Filter>
    </ClInclude>
    <ClInclude Include="Serialization\LVCalendar.h">
      <Filter>Header Files</Filter>
    </ClInclude>
    <ClInclude Include="Serialization\LVCanvas.h">
      <Filter>Header Files</Filter>
    </ClInclude>
    <ClInclude Include="Serialization\LVLabel.h">
      <Filter>Header Files</Filter>
    </ClInclude>
    <ClInclude Include="Serialization\LVObject.h">
      <Filter>Header Files</Filter>
    </ClInclude>
    <ClInclude Include="Serialization\Realign.h">
      <Filter>Header Files</Filter>
    </ClInclude>
    <ClInclude Include="Serialization\Serializers.h">
      <Filter>Header Files</Filter>
    </ClInclude>
    <ClInclude Include="Serialization\Style.h">
      <Filter>Header Files</Filter>
    </ClInclude>
    <ClInclude Include="Serialization\LVImage.h">
      <Filter>Header Files</Filter>
    </ClInclude>
    <ClInclude Include="Serialization\lodepng.h">
      <Filter>Header Files</Filter>
    </ClInclude>
    <ClInclude Include="Serialization\PNGToArray.h">
      <Filter>Header Files</Filter>
    </ClInclude>
    <ClInclude Include="Serialization\LVFont.h">
      <Filter>Header Files\Font</Filter>
    </ClInclude>
    <ClInclude Include="Serialization\LVFontCMap.h">
      <Filter>Header Files\Font</Filter>
    </ClInclude>
    <ClInclude Include="Serialization\LVFontDsc.h">
      <Filter>Header Files\Font</Filter>
    </ClInclude>
    <ClInclude Include="Serialization\LVFontGlyphDsc.h">
      <Filter>Header Files\Font</Filter>
    </ClInclude>
    <ClInclude Include="Serialization\LVFontKernDSC.h">
      <Filter>Header Files\Font</Filter>
    </ClInclude>
    <ClInclude Include="Serialization\LVCheckBox.h">
      <Filter>Header Files</Filter>
    </ClInclude>
    <ClInclude Include="Serialization\Page.h">
      <Filter>Header Files</Filter>
    </ClInclude>
    <ClInclude Include="Serialization\ObjectSerializer.h">
      <Filter>Header Files</Filter>
    </ClInclude>
    <ClInclude Include="Serialization\ObjectUserData.h">
      <Filter>Header Files</Filter>
    </ClInclude>
  </ItemGroup>
  <ItemGroup>
    <ClCompile Include="Serialization\Base64.cpp">
      <Filter>Source Files</Filter>
    </ClCompile>
    <ClCompile Include="Serialization\LVArc.cpp">
      <Filter>Source Files</Filter>
    </ClCompile>
    <ClCompile Include="Serialization\LVBar.cpp">
      <Filter>Source Files</Filter>
    </ClCompile>
    <ClCompile Include="Serialization\LVButton.cpp">
      <Filter>Source Files</Filter>
    </ClCompile>
    <ClCompile Include="Serialization\LVButtonMatrix.cpp">
      <Filter>Source Files</Filter>
    </ClCompile>
    <ClCompile Include="Serialization\LVCalendar.cpp">
      <Filter>Source Files</Filter>
    </ClCompile>
    <ClCompile Include="Serialization\LVCanvas.cpp">
      <Filter>Source Files</Filter>
    </ClCompile>
    <ClCompile Include="Serialization\LVLabel.cpp">
      <Filter>Source Files</Filter>
    </ClCompile>
    <ClCompile Include="Serialization\LVObject.cpp">
      <Filter>Source Files</Filter>
    </ClCompile>
    <ClCompile Include="Serialization\Style.cpp">
      <Filter>Source Files</Filter>
    </ClCompile>
    <ClCompile Include="Serialization\LVImage.cpp">
      <Filter>Source Files</Filter>
    </ClCompile>
    <ClCompile Include="Serialization\lodepng.cpp">
      <Filter>Source Files</Filter>
    </ClCompile>
    <ClCompile Include="Serialization\PNGToArray.cpp">
      <Filter>Source Files</Filter>
    </ClCompile>
    <ClCompile Include="Serialization\LVFontKernDSC.cpp">
      <Filter>Source Files\Font</Filter>
    </ClCompile>
    <ClCompile Include="Serialization\LVFont.cpp">
      <Filter>Source Files\Font</Filter>
    </ClCompile>
    <ClCompile Include="Serialization\LVFontCMap.cpp">
      <Filter>Source Files\Font</Filter>
    </ClCompile>
    <ClCompile Include="Serialization\LVFontDsc.cpp">
      <Filter>Source Files\Font</Filter>
    </ClCompile>
    <ClCompile Include="Serialization\LVFontGlyphDsc.cpp">
      <Filter>Source Files\Font</Filter>
    </ClCompile>
    <ClCompile Include="Serialization\LVCheckBox.cpp">
      <Filter>Source Files</Filter>
    </ClCompile>
    <ClCompile Include="Serialization\Page.cpp">
      <Filter>Source Files</Filter>
    </ClCompile>
    <ClCompile Include="Serialization\ObjectSerializer.cpp">
      <Filter>Source Files</Filter>
    </ClCompile>
  </ItemGroup>
</Project>