<?xml version="1.0" encoding="utf-8"?>
<Project ToolsVersion="4.0" xmlns="http://schemas.microsoft.com/developer/msbuild/2003">
  <ItemGroup>
    <Filter Include="Source Files">
      <UniqueIdentifier>{4FC737F1-C7A5-4376-A066-2A32D752A2FF}</UniqueIdentifier>
      <Extensions>cpp;c;cc;cxx;def;odl;idl;hpj;bat;asm;asmx</Extensions>
    </Filter>
    <Filter Include="Header Files">
      <UniqueIdentifier>{93995380-89BD-4b04-88EB-625FBE52EBFB}</UniqueIdentifier>
      <Extensions>h;hh;hpp;hxx;hm;inl;inc;ipp;xsd</Extensions>
    </Filter>
    <Filter Include="Resource Files">
      <UniqueIdentifier>{67DA6AB6-F800-4c08-8B7A-83BB121AAD01}</UniqueIdentifier>
      <Extensions>rc;ico;cur;bmp;dlg;rc2;rct;bin;rgs;gif;jpg;jpeg;jpe;resx;tiff;tif;png;wav;mfcribbon-ms</Extensions>
    </Filter>
    <Filter Include="Header Files\Editor">
      <UniqueIdentifier>{756247b3-d068-43f5-8d09-9cc36192e02b}</UniqueIdentifier>
    </Filter>
    <Filter Include="Source Files\Editor">
      <UniqueIdentifier>{55ed21db-d578-4ce5-969d-e722b97bf962}</UniqueIdentifier>
    </Filter>
    <Filter Include="Source Files\Editor\Widgets">
      <UniqueIdentifier>{1b9da59e-0aa9-401e-a923-d8199bc0c548}</UniqueIdentifier>
    </Filter>
    <Filter Include="Header Files\Serialization">
      <UniqueIdentifier>{91833899-322b-46e8-9080-e124019e8d49}</UniqueIdentifier>
    </Filter>
    <Filter Include="Header Files\Editor\Widgets">
      <UniqueIdentifier>{c6d95de4-f98e-4974-84fa-5fc1ec88fd8b}</UniqueIdentifier>
    </Filter>
    <Filter Include="Source Files\Editor\Windows">
      <UniqueIdentifier>{c75f6be6-97ce-495d-91a0-3673e2be0068}</UniqueIdentifier>
    </Filter>
    <Filter Include="Header Files\Editor\Windows">
      <UniqueIdentifier>{b28fb6e9-353d-4018-bf12-2b4903307477}</UniqueIdentifier>
    </Filter>
    <Filter Include="Source Files\Util">
      <UniqueIdentifier>{7418e50f-1651-4b3a-bf78-5f89bf3eef9c}</UniqueIdentifier>
    </Filter>
    <Filter Include="Header Files\Util">
      <UniqueIdentifier>{00db5d7b-1eae-4c19-88b2-42711e8ecce0}</UniqueIdentifier>
    </Filter>
    <Filter Include="Source Files\Editor\Object Creation">
      <UniqueIdentifier>{fb6dd0d9-6934-4652-82a5-e45d2e9f3327}</UniqueIdentifier>
    </Filter>
    <Filter Include="Header Files\Editor\Object Creation">
      <UniqueIdentifier>{3880a786-7331-4d37-8187-4ca4d462b5cc}</UniqueIdentifier>
    </Filter>
    <Filter Include="Header Files\Fonts">
      <UniqueIdentifier>{de122d65-1aaf-420b-baa7-a59ec4b8a57f}</UniqueIdentifier>
    </Filter>
    <Filter Include="Source Files\Fonts">
      <UniqueIdentifier>{05565ed4-75a2-4fe7-b896-af624e08e66c}</UniqueIdentifier>
    </Filter>
    <Filter Include="Source Files\Serialization">
      <UniqueIdentifier>{7b569669-e956-4fd2-9991-1c7ea2d4c6d9}</UniqueIdentifier>
    </Filter>
    <Filter Include="Header Files\Serialization\Fonts">
      <UniqueIdentifier>{eec12278-e7bb-444a-8484-42d899e8d99a}</UniqueIdentifier>
    </Filter>
    <Filter Include="Source Files\Serialization\Fonts">
      <UniqueIdentifier>{e27b3561-935b-421a-a764-42bcee2a3b4e}</UniqueIdentifier>
    </Filter>
    <Filter Include="Source Files\Editor\Variable">
      <UniqueIdentifier>{c0995b3a-06ec-4817-97bf-c3ca1f1c6ccd}</UniqueIdentifier>
    </Filter>
    <Filter Include="Header Files\Editor\Variable">
      <UniqueIdentifier>{f67cfd24-d87f-4673-85fa-f852903dc9a3}</UniqueIdentifier>
    </Filter>
  </ItemGroup>
  <ItemGroup>
    <ClCompile Include="custom_widget.c">
      <Filter>Source Files\Editor</Filter>
    </ClCompile>
    <ClCompile Include="dataset.c">
      <Filter>Source Files\Editor</Filter>
    </ClCompile>
    <ClCompile Include="gencode.c">
      <Filter>Source Files\Editor</Filter>
    </ClCompile>
    <ClCompile Include="interface.c">
      <Filter>Source Files\Editor</Filter>
    </ClCompile>
    <ClCompile Include="loadproj.c">
      <Filter>Source Files\Editor</Filter>
    </ClCompile>
    <ClCompile Include="main.c">
      <Filter>Source Files\Editor</Filter>
    </ClCompile>
    <ClCompile Include="mouse_cursor_icon.c">
      <Filter>Source Files\Editor</Filter>
    </ClCompile>
    <ClCompile Include="saveproj.c">
      <Filter>Source Files\Editor</Filter>
    </ClCompile>
    <ClCompile Include="setting.c">
      <Filter>Source Files\Editor</Filter>
    </ClCompile>
    <ClCompile Include="Serialization\LVLabel.cpp">
      <Filter>Source Files\Serialization</Filter>
    </ClCompile>
    <ClCompile Include="Serialization\LVObject.cpp">
      <Filter>Source Files\Serialization</Filter>
    </ClCompile>
    <ClCompile Include="Serialization\Style.cpp">
      <Filter>Source Files\Serialization</Filter>
    </ClCompile>
    <ClCompile Include="Windows\ToolTray.cpp">
      <Filter>Source Files\Editor\Windows</Filter>
    </ClCompile>
    <ClCompile Include="toolbox.c">
      <Filter>Source Files</Filter>
    </ClCompile>
    <ClCompile Include="Windows\SimWindow.cpp">
      <Filter>Source Files\Editor\Windows</Filter>
    </ClCompile>
    <ClCompile Include="Utils\ObjectTools.cpp">
      <Filter>Source Files\Util</Filter>
    </ClCompile>
    <ClCompile Include="Windows\PropertyWindow.cpp">
      <Filter>Source Files\Editor\Windows</Filter>
    </ClCompile>
    <ClCompile Include="Windows\UI.cpp">
      <Filter>Source Files\Editor\Windows</Filter>
    </ClCompile>
    <ClCompile Include="Widgets\CollapsableWindow.cpp">
      <Filter>Source Files\Editor\Widgets</Filter>
    </ClCompile>
    <ClCompile Include="Widgets\CollapsableWindowManager.cpp">
      <Filter>Source Files\Editor\Widgets</Filter>
    </ClCompile>
    <ClCompile Include="ObjectCreation\Arc.cpp">
      <Filter>Source Files\Editor\Object Creation</Filter>
    </ClCompile>
    <ClCompile Include="Serialization\LVArc.cpp">
      <Filter>Source Files\Serialization</Filter>
    </ClCompile>
    <ClCompile Include="Widgets\TreeNode.cpp">
      <Filter>Source Files\Editor\Widgets</Filter>
    </ClCompile>
    <ClCompile Include="Widgets\TreeView.cpp">
      <Filter>Source Files\Editor\Widgets</Filter>
    </ClCompile>
    <ClCompile Include="Widgets\MinimizableWindow.cpp">
      <Filter>Source Files\Editor\Widgets</Filter>
    </ClCompile>
    <ClCompile Include="Fonts\FTFont.cpp">
      <Filter>Source Files\Fonts</Filter>
    </ClCompile>
    <ClCompile Include="Widgets\ColorPicker.cpp">
      <Filter>Source Files\Editor\Widgets</Filter>
    </ClCompile>
    <ClCompile Include="ObjectCreation\Bar.cpp">
      <Filter>Source Files\Editor\Object Creation</Filter>
    </ClCompile>
    <ClCompile Include="Serialization\LVBar.cpp">
      <Filter>Source Files\Serialization</Filter>
    </ClCompile>
    <ClCompile Include="Serialization\LVButton.cpp">
      <Filter>Source Files\Serialization</Filter>
    </ClCompile>
    <ClCompile Include="Serialization\LVButtonMatrix.cpp">
      <Filter>Source Files\Serialization</Filter>
    </ClCompile>
    <ClCompile Include="Serialization\LVFontGlyphDsc.cpp">
      <Filter>Source Files\Serialization\Fonts</Filter>
    </ClCompile>
    <ClCompile Include="Serialization\LVFontCMap.cpp">
      <Filter>Source Files\Serialization\Fonts</Filter>
    </ClCompile>
    <ClCompile Include="Serialization\LVFont.cpp">
      <Filter>Source Files\Serialization\Fonts</Filter>
    </ClCompile>
    <ClCompile Include="Serialization\LVFontDsc.cpp">
      <Filter>Source Files\Serialization\Fonts</Filter>
    </ClCompile>
    <ClCompile Include="Serialization\LVFontKernDSC.cpp">
      <Filter>Source Files\Serialization\Fonts</Filter>
    </ClCompile>
    <ClCompile Include="Windows\ToolBar.cpp">
      <Filter>Source Files\Editor\Windows</Filter>
    </ClCompile>
    <ClCompile Include="Variable\Variable.cpp">
      <Filter>Source Files\Editor\Variable</Filter>
    </ClCompile>
    <ClCompile Include="Windows\VariableCreateWindow.cpp">
      <Filter>Source Files\Editor\Windows</Filter>
    </ClCompile>
    <ClCompile Include="Serialization\Screen.cpp">
      <Filter>Source Files\Serialization</Filter>
    </ClCompile>
    <ClCompile Include="ObjectCreation\Button.cpp">
      <Filter>Source Files\Editor\Object Creation</Filter>
    </ClCompile>
    <ClCompile Include="ObjectCreation\ButtonMatrix.cpp">
      <Filter>Source Files\Editor\Object Creation</Filter>
    </ClCompile>
    <ClCompile Include="Serialization\LVCalendar.cpp">
      <Filter>Source Files\Serialization</Filter>
    </ClCompile>
  </ItemGroup>
  <ItemGroup>
    <ClInclude Include="config.h">
      <Filter>Header Files\Editor</Filter>
    </ClInclude>
    <ClInclude Include="custom_widget.h">
      <Filter>Header Files\Editor</Filter>
    </ClInclude>
    <ClInclude Include="dataset.h">
      <Filter>Header Files\Editor</Filter>
    </ClInclude>
    <ClInclude Include="gencode.h">
      <Filter>Header Files\Editor</Filter>
    </ClInclude>
    <ClInclude Include="interface.h">
      <Filter>Header Files\Editor</Filter>
    </ClInclude>
    <ClInclude Include="loadproj.h">
      <Filter>Header Files\Editor</Filter>
    </ClInclude>
    <ClInclude Include="saveproj.h">
      <Filter>Header Files\Editor</Filter>
    </ClInclude>
    <ClInclude Include="setting.h">
      <Filter>Header Files\Editor</Filter>
    </ClInclude>
    <ClInclude Include="toolbox.h">
      <Filter>Header Files\Editor</Filter>
    </ClInclude>
    <ClInclude Include="Serialization\Area.h">
      <Filter>Header Files\Serialization</Filter>
    </ClInclude>
    <ClInclude Include="Serialization\LVLabel.h">
      <Filter>Header Files\Serialization</Filter>
    </ClInclude>
    <ClInclude Include="Serialization\LVObject.h">
      <Filter>Header Files\Serialization</Filter>
    </ClInclude>
    <ClInclude Include="Serialization\Realign.h">
      <Filter>Header Files\Serialization</Filter>
    </ClInclude>
    <ClInclude Include="Serialization\Style.h">
      <Filter>Header Files\Serialization</Filter>
    </ClInclude>
    <ClInclude Include="Windows\ToolTray.h">
      <Filter>Header Files\Editor\Windows</Filter>
    </ClInclude>
    <ClInclude Include="Windows\SimWindow.h">
      <Filter>Header Files\Editor\Windows</Filter>
    </ClInclude>
    <ClInclude Include="Utils\ObjectTools.h">
      <Filter>Header Files\Util</Filter>
    </ClInclude>
    <ClInclude Include="Windows\PropertyWindow.h">
      <Filter>Header Files\Editor\Windows</Filter>
    </ClInclude>
    <ClInclude Include="Windows\UI.h">
      <Filter>Header Files\Editor\Windows</Filter>
    </ClInclude>
    <ClInclude Include="Widgets\CollapsableWindow.h">
      <Filter>Header Files\Editor\Widgets</Filter>
    </ClInclude>
    <ClInclude Include="Windows\Themes.h">
      <Filter>Header Files\Editor\Windows</Filter>
    </ClInclude>
    <ClInclude Include="Widgets\CollapsableWindowManager.h">
      <Filter>Header Files\Editor\Widgets</Filter>
    </ClInclude>
    <ClInclude Include="ObjectCreation\Arc.h">
      <Filter>Header Files\Editor\Object Creation</Filter>
    </ClInclude>
    <ClInclude Include="Serialization\LVArc.h">
      <Filter>Header Files\Serialization</Filter>
    </ClInclude>
    <ClInclude Include="Windows\UIObjectData.h">
      <Filter>Header Files\Editor\Windows</Filter>
    </ClInclude>
    <ClInclude Include="Widgets\TreeNode.h">
      <Filter>Header Files\Editor\Widgets</Filter>
    </ClInclude>
    <ClInclude Include="Widgets\TreeView.h">
      <Filter>Header Files\Editor\Widgets</Filter>
    </ClInclude>
    <ClInclude Include="Widgets\MinimizableWindow.h">
      <Filter>Header Files\Editor\Widgets</Filter>
    </ClInclude>
    <ClInclude Include="Fonts\FTFont.h">
      <Filter>Header Files\Fonts</Filter>
    </ClInclude>
    <ClInclude Include="Widgets\ColorPicker.h">
      <Filter>Header Files\Editor\Widgets</Filter>
    </ClInclude>
    <ClInclude Include="ObjectCreation\Bar.h">
      <Filter>Header Files\Editor\Object Creation</Filter>
    </ClInclude>
    <ClInclude Include="Serialization\LVBar.h">
      <Filter>Header Files\Serialization</Filter>
    </ClInclude>
    <ClInclude Include="Serialization\LVButton.h">
      <Filter>Header Files\Serialization</Filter>
    </ClInclude>
    <ClInclude Include="Serialization\LVButtonMatrix.h">
      <Filter>Header Files\Serialization</Filter>
    </ClInclude>
    <ClInclude Include="Serialization\LVFontCMap.h">
      <Filter>Header Files\Serialization\Fonts</Filter>
    </ClInclude>
    <ClInclude Include="Serialization\LVFont.h">
      <Filter>Header Files\Serialization\Fonts</Filter>
    </ClInclude>
    <ClInclude Include="Serialization\LVFontDsc.h">
      <Filter>Header Files\Serialization\Fonts</Filter>
    </ClInclude>
    <ClInclude Include="Serialization\LVFontGlyphDsc.h">
      <Filter>Header Files\Serialization\Fonts</Filter>
    </ClInclude>
    <ClInclude Include="Serialization\LVFontKernDSC.h">
      <Filter>Header Files\Serialization\Fonts</Filter>
    </ClInclude>
    <ClInclude Include="Windows\ToolBar.h">
      <Filter>Header Files\Editor\Windows</Filter>
    </ClInclude>
    <ClInclude Include="Variable\Variable.h">
      <Filter>Header Files\Editor\Variable</Filter>
    </ClInclude>
    <ClInclude Include="Windows\VariableCreateWindow.h">
      <Filter>Header Files\Editor\Windows</Filter>
    </ClInclude>
    <ClInclude Include="Serialization\Serializers.h">
      <Filter>Header Files\Serialization</Filter>
    </ClInclude>
    <ClInclude Include="Serialization\Screen.h">
      <Filter>Header Files\Serialization</Filter>
    </ClInclude>
    <ClInclude Include="ObjectUserData.h">
      <Filter>Header Files\Editor</Filter>
    </ClInclude>
    <ClInclude Include="ObjectCreation\Button.h">
      <Filter>Header Files\Editor\Object Creation</Filter>
    </ClInclude>
    <ClInclude Include="ObjectCreation\ButtonMatrix.h">
      <Filter>Header Files\Editor\Object Creation</Filter>
    </ClInclude>
    <ClInclude Include="Serialization\LVCalendar.h">
      <Filter>Header Files\Serialization</Filter>
    </ClInclude>
  </ItemGroup>
</Project>